
Microsoft Visual Studio Solution File, Format Version 12.00
# Visual Studio Version 16
VisualStudioVersion = 16.0.31702.278
MinimumVisualStudioVersion = 10.0.40219.1
Project("{FAE04EC0-301F-11D3-BF4B-00C04F79EFBC}") = "Lab_21", "Lab_21\Lab_21.csproj", "{506CCB2D-5BDA-4419-B2BE-E867B3C6F78A}"
EndProject
Global
	GlobalSection(SolutionConfigurationPlatforms) = preSolution
		Debug|Any CPU = Debug|Any CPU
		Release|Any CPU = Release|Any CPU
	EndGlobalSection
	GlobalSection(ProjectConfigurationPlatforms) = postSolution
		{506CCB2D-5BDA-4419-B2BE-E867B3C6F78A}.Debug|Any CPU.ActiveCfg = Debug|Any CPU
		{506CCB2D-5BDA-4419-B2BE-E867B3C6F78A}.Debug|Any CPU.Build.0 = Debug|Any CPU
		{506CCB2D-5BDA-4419-B2BE-E867B3C6F78A}.Release|Any CPU.ActiveCfg = Release|Any CPU
		{506CCB2D-5BDA-4419-B2BE-E867B3C6F78A}.Release|Any CPU.Build.0 = Release|Any CPU
	EndGlobalSection
	GlobalSection(SolutionProperties) = preSolution
		HideSolutionNode = FALSE
	EndGlobalSection
	GlobalSection(ExtensibilityGlobals) = postSolution
		SolutionGuid = {00A6D97F-7AC3-4EFF-A848-19B64C63509E}
	EndGlobalSection
EndGlobal
